
Microsoft Visual Studio Solution File, Format Version 12.00
# Visual Studio Version 17
VisualStudioVersion = 17.6.33815.320
MinimumVisualStudioVersion = 10.0.40219.1
Project("{8BC9CEB8-8B4A-11D0-8D11-00A0C91BC942}") = "OOP_destructor", "OOP_destructor.vcxproj", "{DEDBB17D-AF84-4E39-8774-006A72A85CAF}"
EndProject
Global
	GlobalSection(SolutionConfigurationPlatforms) = preSolution
		Debug|x64 = Debug|x64
		Debug|x86 = Debug|x86
		Release|x64 = Release|x64
		Release|x86 = Release|x86
	EndGlobalSection
	GlobalSection(ProjectConfigurationPlatforms) = postSolution
		{DEDBB17D-AF84-4E39-8774-006A72A85CAF}.Debug|x64.ActiveCfg = Debug|x64
		{DEDBB17D-AF84-4E39-8774-006A72A85CAF}.Debug|x64.Build.0 = Debug|x64
		{DEDBB17D-AF84-4E39-8774-006A72A85CAF}.Debug|x86.ActiveCfg = Debug|Win32
		{DEDBB17D-AF84-4E39-8774-006A72A85CAF}.Debug|x86.Build.0 = Debug|Win32
		{DEDBB17D-AF84-4E39-8774-006A72A85CAF}.Release|x64.ActiveCfg = Release|x64
		{DEDBB17D-AF84-4E39-8774-006A72A85CAF}.Release|x64.Build.0 = Release|x64
		{DEDBB17D-AF84-4E39-8774-006A72A85CAF}.Release|x86.ActiveCfg = Release|Win32
		{DEDBB17D-AF84-4E39-8774-006A72A85CAF}.Release|x86.Build.0 = Release|Win32
	EndGlobalSection
	GlobalSection(SolutionProperties) = preSolution
		HideSolutionNode = FALSE
	EndGlobalSection
	GlobalSection(ExtensibilityGlobals) = postSolution
		SolutionGuid = {9E4B5D85-F542-404A-8EAA-B07FA89CE061}
	EndGlobalSection
EndGlobal
